
Microsoft Visual Studio Solution File, Format Version 12.00
# Visual Studio Version 17
VisualStudioVersion = 17.4.33103.184
MinimumVisualStudioVersion = 10.0.40219.1
Project("{FAE04EC0-301F-11D3-BF4B-00C04F79EFBC}") = "demo_sort", "demo_sort\demo_sort.csproj", "{0A9F4AF3-8FA2-4631-A703-E35D8B4A7F0A}"
EndProject
Project("{54435603-DBB4-11D2-8724-00A0C9A8B90C}") = "demo_sort_exe", "demo_sort_exe\demo_sort_exe.vdproj", "{1F137B5E-F270-431E-AEC7-08D1C6521A3F}"
EndProject
Global
	GlobalSection(SolutionConfigurationPlatforms) = preSolution
		Debug|x86 = Debug|x86
		Release|x86 = Release|x86
	EndGlobalSection
	GlobalSection(ProjectConfigurationPlatforms) = postSolution
		{0A9F4AF3-8FA2-4631-A703-E35D8B4A7F0A}.Debug|x86.ActiveCfg = Debug|x86
		{0A9F4AF3-8FA2-4631-A703-E35D8B4A7F0A}.Debug|x86.Build.0 = Debug|x86
		{0A9F4AF3-8FA2-4631-A703-E35D8B4A7F0A}.Release|x86.ActiveCfg = Release|x86
		{0A9F4AF3-8FA2-4631-A703-E35D8B4A7F0A}.Release|x86.Build.0 = Release|x86
		{1F137B5E-F270-431E-AEC7-08D1C6521A3F}.Debug|x86.ActiveCfg = Debug
		{1F137B5E-F270-431E-AEC7-08D1C6521A3F}.Release|x86.ActiveCfg = Release
	EndGlobalSection
	GlobalSection(SolutionProperties) = preSolution
		HideSolutionNode = FALSE
	EndGlobalSection
	GlobalSection(ExtensibilityGlobals) = postSolution
		SolutionGuid = {DC8B5881-B448-44B4-B66C-8860A57E69B8}
	EndGlobalSection
EndGlobal
